
Microsoft Visual Studio Solution File, Format Version 12.00
# Visual Studio Version 17
VisualStudioVersion = 17.11.35312.102
MinimumVisualStudioVersion = 10.0.40219.1
Project("{FAE04EC0-301F-11D3-BF4B-00C04F79EFBC}") = "Trabajo_Api", "Trabajo_Api\Trabajo_Api.csproj", "{49D597BB-9353-40CA-8ADF-E37C018243B8}"
EndProject
Global
	GlobalSection(SolutionConfigurationPlatforms) = preSolution
		Debug|Any CPU = Debug|Any CPU
		Release|Any CPU = Release|Any CPU
	EndGlobalSection
	GlobalSection(ProjectConfigurationPlatforms) = postSolution
		{49D597BB-9353-40CA-8ADF-E37C018243B8}.Debug|Any CPU.ActiveCfg = Debug|Any CPU
		{49D597BB-9353-40CA-8ADF-E37C018243B8}.Debug|Any CPU.Build.0 = Debug|Any CPU
		{49D597BB-9353-40CA-8ADF-E37C018243B8}.Release|Any CPU.ActiveCfg = Release|Any CPU
		{49D597BB-9353-40CA-8ADF-E37C018243B8}.Release|Any CPU.Build.0 = Release|Any CPU
	EndGlobalSection
	GlobalSection(SolutionProperties) = preSolution
		HideSolutionNode = FALSE
	EndGlobalSection
	GlobalSection(ExtensibilityGlobals) = postSolution
		SolutionGuid = {D39EC4FF-6216-4842-822C-14848C1154CE}
	EndGlobalSection
EndGlobal
